
Microsoft Visual Studio Solution File, Format Version 12.00
# Visual Studio Version 17
VisualStudioVersion = 17.3.32901.215
MinimumVisualStudioVersion = 10.0.40219.1
Project("{FAE04EC0-301F-11D3-BF4B-00C04F79EFBC}") = "Homework", "Homework\Homework.csproj", "{4AAF2AF2-28C1-4CAA-89C0-AAE189476471}"
EndProject
Global
	GlobalSection(SolutionConfigurationPlatforms) = preSolution
		Debug|Any CPU = Debug|Any CPU
		Release|Any CPU = Release|Any CPU
	EndGlobalSection
	GlobalSection(ProjectConfigurationPlatforms) = postSolution
		{4AAF2AF2-28C1-4CAA-89C0-AAE189476471}.Debug|Any CPU.ActiveCfg = Debug|Any CPU
		{4AAF2AF2-28C1-4CAA-89C0-AAE189476471}.Debug|Any CPU.Build.0 = Debug|Any CPU
		{4AAF2AF2-28C1-4CAA-89C0-AAE189476471}.Release|Any CPU.ActiveCfg = Release|Any CPU
		{4AAF2AF2-28C1-4CAA-89C0-AAE189476471}.Release|Any CPU.Build.0 = Release|Any CPU
	EndGlobalSection
	GlobalSection(SolutionProperties) = preSolution
		HideSolutionNode = FALSE
	EndGlobalSection
	GlobalSection(ExtensibilityGlobals) = postSolution
		SolutionGuid = {E4E93423-CD64-407A-9B2B-4FCCAA6DFF3F}
	EndGlobalSection
EndGlobal
